
Microsoft Visual Studio Solution File, Format Version 12.00
# Visual Studio Version 17
VisualStudioVersion = 17.10.35004.147
MinimumVisualStudioVersion = 10.0.40219.1
Project("{FAE04EC0-301F-11D3-BF4B-00C04F79EFBC}") = "DataSet_practica_final", "DataSet_practica_final\DataSet_practica_final.csproj", "{03FEF9ED-7539-46C5-AE4B-80458A91906A}"
EndProject
Global
	GlobalSection(SolutionConfigurationPlatforms) = preSolution
		Debug|Any CPU = Debug|Any CPU
		Release|Any CPU = Release|Any CPU
	EndGlobalSection
	GlobalSection(ProjectConfigurationPlatforms) = postSolution
		{03FEF9ED-7539-46C5-AE4B-80458A91906A}.Debug|Any CPU.ActiveCfg = Debug|Any CPU
		{03FEF9ED-7539-46C5-AE4B-80458A91906A}.Debug|Any CPU.Build.0 = Debug|Any CPU
		{03FEF9ED-7539-46C5-AE4B-80458A91906A}.Release|Any CPU.ActiveCfg = Release|Any CPU
		{03FEF9ED-7539-46C5-AE4B-80458A91906A}.Release|Any CPU.Build.0 = Release|Any CPU
	EndGlobalSection
	GlobalSection(SolutionProperties) = preSolution
		HideSolutionNode = FALSE
	EndGlobalSection
	GlobalSection(ExtensibilityGlobals) = postSolution
		SolutionGuid = {EAC08686-8496-4786-ABC9-4AD261C29968}
	EndGlobalSection
EndGlobal
